
Microsoft Visual Studio Solution File, Format Version 11.00
# Visual Studio 2010
Project("{FAE04EC0-301F-11D3-BF4B-00C04F79EFBC}") = "Ch10CardLib", "Ch10CardLib\Ch10CardLib.csproj", "{8C85A793-F8EA-4DDB-A73A-1EC24A0926FC}"
EndProject
Global
	GlobalSection(SolutionConfigurationPlatforms) = preSolution
		Debug|Any CPU = Debug|Any CPU
		Release|Any CPU = Release|Any CPU
	EndGlobalSection
	GlobalSection(ProjectConfigurationPlatforms) = postSolution
		{8C85A793-F8EA-4DDB-A73A-1EC24A0926FC}.Debug|Any CPU.ActiveCfg = Debug|Any CPU
		{8C85A793-F8EA-4DDB-A73A-1EC24A0926FC}.Debug|Any CPU.Build.0 = Debug|Any CPU
		{8C85A793-F8EA-4DDB-A73A-1EC24A0926FC}.Release|Any CPU.ActiveCfg = Release|Any CPU
		{8C85A793-F8EA-4DDB-A73A-1EC24A0926FC}.Release|Any CPU.Build.0 = Release|Any CPU
	EndGlobalSection
	GlobalSection(SolutionProperties) = preSolution
		HideSolutionNode = FALSE
	EndGlobalSection
EndGlobal
