
Microsoft Visual Studio Solution File, Format Version 11.00
# Visual Studio 2010
Project("{FAE04EC0-301F-11D3-BF4B-00C04F79EFBC}") = "WindowsGame2", "WindowsGame2\WindowsGame2\WindowsGame2.csproj", "{6B5380BD-A90A-49DB-AE37-41EA305B052A}"
EndProject
Project("{96E2B04D-8817-42C6-938A-82C39BA4D311}") = "WindowsGame2Content", "WindowsGame2\WindowsGame2Content\WindowsGame2Content.contentproj", "{68602F77-23F8-4F9A-96F4-0E832580C21E}"
EndProject
Global
	GlobalSection(SolutionConfigurationPlatforms) = preSolution
		Debug|x86 = Debug|x86
		Release|x86 = Release|x86
	EndGlobalSection
	GlobalSection(ProjectConfigurationPlatforms) = postSolution
		{6B5380BD-A90A-49DB-AE37-41EA305B052A}.Debug|x86.ActiveCfg = Debug|x86
		{6B5380BD-A90A-49DB-AE37-41EA305B052A}.Debug|x86.Build.0 = Debug|x86
		{6B5380BD-A90A-49DB-AE37-41EA305B052A}.Release|x86.ActiveCfg = Release|x86
		{6B5380BD-A90A-49DB-AE37-41EA305B052A}.Release|x86.Build.0 = Release|x86
		{68602F77-23F8-4F9A-96F4-0E832580C21E}.Debug|x86.ActiveCfg = Debug|x86
		{68602F77-23F8-4F9A-96F4-0E832580C21E}.Release|x86.ActiveCfg = Release|x86
	EndGlobalSection
	GlobalSection(SolutionProperties) = preSolution
		HideSolutionNode = FALSE
	EndGlobalSection
EndGlobal
