
Microsoft Visual Studio Solution File, Format Version 11.00
# Visual Studio 2010
Project("{FAE04EC0-301F-11D3-BF4B-00C04F79EFBC}") = "Ch12CardLib", "Ch12CardLib\Ch12CardLib.csproj", "{AE80D1F0-564E-486F-8FAB-1440AF101FA6}"
EndProject
Global
	GlobalSection(SolutionConfigurationPlatforms) = preSolution
		Debug|Any CPU = Debug|Any CPU
		Release|Any CPU = Release|Any CPU
	EndGlobalSection
	GlobalSection(ProjectConfigurationPlatforms) = postSolution
		{AE80D1F0-564E-486F-8FAB-1440AF101FA6}.Debug|Any CPU.ActiveCfg = Debug|Any CPU
		{AE80D1F0-564E-486F-8FAB-1440AF101FA6}.Debug|Any CPU.Build.0 = Debug|Any CPU
		{AE80D1F0-564E-486F-8FAB-1440AF101FA6}.Release|Any CPU.ActiveCfg = Release|Any CPU
		{AE80D1F0-564E-486F-8FAB-1440AF101FA6}.Release|Any CPU.Build.0 = Release|Any CPU
	EndGlobalSection
	GlobalSection(SolutionProperties) = preSolution
		HideSolutionNode = FALSE
	EndGlobalSection
EndGlobal
