
Microsoft Visual Studio Solution File, Format Version 11.00
# Visual Studio 2010
Project("{FAE04EC0-301F-11D3-BF4B-00C04F79EFBC}") = "WindowsFormsApplication2", "WindowsFormsApplication2\WindowsFormsApplication2.csproj", "{91EAC21E-19C6-4FE5-ABBF-92B391D07CD8}"
EndProject
Global
	GlobalSection(SolutionConfigurationPlatforms) = preSolution
		Debug|x86 = Debug|x86
		Release|x86 = Release|x86
	EndGlobalSection
	GlobalSection(ProjectConfigurationPlatforms) = postSolution
		{91EAC21E-19C6-4FE5-ABBF-92B391D07CD8}.Debug|x86.ActiveCfg = Debug|x86
		{91EAC21E-19C6-4FE5-ABBF-92B391D07CD8}.Debug|x86.Build.0 = Debug|x86
		{91EAC21E-19C6-4FE5-ABBF-92B391D07CD8}.Release|x86.ActiveCfg = Release|x86
		{91EAC21E-19C6-4FE5-ABBF-92B391D07CD8}.Release|x86.Build.0 = Release|x86
	EndGlobalSection
	GlobalSection(SolutionProperties) = preSolution
		HideSolutionNode = FALSE
	EndGlobalSection
EndGlobal
